
Microsoft Visual Studio Solution File, Format Version 12.00
# Visual Studio Version 17
VisualStudioVersion = 17.6.33829.357
MinimumVisualStudioVersion = 10.0.40219.1
Project("{9A19103F-16F7-4668-BE54-9A1E7A4F7556}") = "Kalinar", "Kalinar\Kalinar.csproj", "{558A5F3D-6C97-4C70-AAB9-4410DB8736B7}"
EndProject
Project("{9A19103F-16F7-4668-BE54-9A1E7A4F7556}") = "Kalinar.Application", "Application\Kalinar.Application.csproj", "{0700AD41-E4F6-47B9-A6FC-CB488AF7D507}"
EndProject
Project("{9A19103F-16F7-4668-BE54-9A1E7A4F7556}") = "Kalinar.Core", "Core\Kalinar.Core.csproj", "{8695CC35-AB83-4675-9019-B0F3CBB23A51}"
EndProject
Project("{9A19103F-16F7-4668-BE54-9A1E7A4F7556}") = "Kalinar.Data", "Data\Kalinar.Data.csproj", "{DAD440B0-A398-47EE-B2DD-680ECE7E4DDC}"
EndProject
Project("{9A19103F-16F7-4668-BE54-9A1E7A4F7556}") = "Kalinar.Messages", "Messages\Kalinar.Messages.csproj", "{95546655-EB0A-40C6-849E-B6D19D908BC7}"
EndProject
Global
	GlobalSection(SolutionConfigurationPlatforms) = preSolution
		Debug|Any CPU = Debug|Any CPU
		Release|Any CPU = Release|Any CPU
	EndGlobalSection
	GlobalSection(ProjectConfigurationPlatforms) = postSolution
		{558A5F3D-6C97-4C70-AAB9-4410DB8736B7}.Debug|Any CPU.ActiveCfg = Debug|Any CPU
		{558A5F3D-6C97-4C70-AAB9-4410DB8736B7}.Debug|Any CPU.Build.0 = Debug|Any CPU
		{558A5F3D-6C97-4C70-AAB9-4410DB8736B7}.Release|Any CPU.ActiveCfg = Release|Any CPU
		{558A5F3D-6C97-4C70-AAB9-4410DB8736B7}.Release|Any CPU.Build.0 = Release|Any CPU
		{0700AD41-E4F6-47B9-A6FC-CB488AF7D507}.Debug|Any CPU.ActiveCfg = Debug|Any CPU
		{0700AD41-E4F6-47B9-A6FC-CB488AF7D507}.Debug|Any CPU.Build.0 = Debug|Any CPU
		{0700AD41-E4F6-47B9-A6FC-CB488AF7D507}.Release|Any CPU.ActiveCfg = Release|Any CPU
		{0700AD41-E4F6-47B9-A6FC-CB488AF7D507}.Release|Any CPU.Build.0 = Release|Any CPU
		{8695CC35-AB83-4675-9019-B0F3CBB23A51}.Debug|Any CPU.ActiveCfg = Debug|Any CPU
		{8695CC35-AB83-4675-9019-B0F3CBB23A51}.Debug|Any CPU.Build.0 = Debug|Any CPU
		{8695CC35-AB83-4675-9019-B0F3CBB23A51}.Release|Any CPU.ActiveCfg = Release|Any CPU
		{8695CC35-AB83-4675-9019-B0F3CBB23A51}.Release|Any CPU.Build.0 = Release|Any CPU
		{DAD440B0-A398-47EE-B2DD-680ECE7E4DDC}.Debug|Any CPU.ActiveCfg = Debug|Any CPU
		{DAD440B0-A398-47EE-B2DD-680ECE7E4DDC}.Debug|Any CPU.Build.0 = Debug|Any CPU
		{DAD440B0-A398-47EE-B2DD-680ECE7E4DDC}.Release|Any CPU.ActiveCfg = Release|Any CPU
		{DAD440B0-A398-47EE-B2DD-680ECE7E4DDC}.Release|Any CPU.Build.0 = Release|Any CPU
		{95546655-EB0A-40C6-849E-B6D19D908BC7}.Debug|Any CPU.ActiveCfg = Debug|Any CPU
		{95546655-EB0A-40C6-849E-B6D19D908BC7}.Debug|Any CPU.Build.0 = Debug|Any CPU
		{95546655-EB0A-40C6-849E-B6D19D908BC7}.Release|Any CPU.ActiveCfg = Release|Any CPU
		{95546655-EB0A-40C6-849E-B6D19D908BC7}.Release|Any CPU.Build.0 = Release|Any CPU
	EndGlobalSection
	GlobalSection(SolutionProperties) = preSolution
		HideSolutionNode = FALSE
	EndGlobalSection
	GlobalSection(ExtensibilityGlobals) = postSolution
		SolutionGuid = {EDB6E69B-2C43-47F9-B419-E7440F36A81F}
	EndGlobalSection
EndGlobal
